// !$*UTF8*$!
{
	archiveVersion = 1;
	classes = {
	};
	objectVersion = 50;
	objects = {

/* Begin PBXBuildFile section */
		FC875537251C0B2E008188B5 /* AppDelegate.swift in Sources */ = {isa = PBXBuildFile; fileRef = FC875536251C0B2E008188B5 /* AppDelegate.swift */; };
		FC87553B251C0B2E008188B5 /* ViewController.swift in Sources */ = {isa = PBXBuildFile; fileRef = FC87553A251C0B2E008188B5 /* ViewController.swift */; };
		FC87553E251C0B2E008188B5 /* Main.storyboard in Resources */ = {isa = PBXBuildFile; fileRef = FC87553C251C0B2E008188B5 /* Main.storyboard */; };
		FC875540251C0B2F008188B5 /* Assets.xcassets in Resources */ = {isa = PBXBuildFile; fileRef = FC87553F251C0B2F008188B5 /* Assets.xcassets */; };
		FC875543251C0B2F008188B5 /* LaunchScreen.storyboard in Resources */ = {isa = PBXBuildFile; fileRef = FC875541251C0B2F008188B5 /* LaunchScreen.storyboard */; };
		FC87554E251C123C008188B5 /* ListViewController.swift in Sources */ = {isa = PBXBuildFile; fileRef = FC87554D251C123C008188B5 /* ListViewController.swift */; };
		FC875551251C18F5008188B5 /* MyTableViewCell.swift in Sources */ = {isa = PBXBuildFile; fileRef = FC875550251C18F5008188B5 /* MyTableViewCell.swift */; };
		FC875555251C3EB5008188B5 /* SceneDelegate.swift in Sources */ = {isa = PBXBuildFile; fileRef = FC875554251C3EB5008188B5 /* SceneDelegate.swift */; };
		FCDFA745251D5D1B00B0240D /* DetailViewController.swift in Sources */ = {isa = PBXBuildFile; fileRef = FCDFA744251D5D1B00B0240D /* DetailViewController.swift */; };
/* End PBXBuildFile section */

/* Begin PBXFileReference section */
		FC875533251C0B2E008188B5 /* SportStore.app */ = {isa = PBXFileReference; explicitFileType = wrapper.application; includeInIndex = 0; path = SportStore.app; sourceTree = BUILT_PRODUCTS_DIR; };
		FC875536251C0B2E008188B5 /* AppDelegate.swift */ = {isa = PBXFileReference; lastKnownFileType = sourcecode.swift; path = AppDelegate.swift; sourceTree = "<group>"; };
		FC87553A251C0B2E008188B5 /* ViewController.swift */ = {isa = PBXFileReference; lastKnownFileType = sourcecode.swift; path = ViewController.swift; sourceTree = "<group>"; };
		FC87553D251C0B2E008188B5 /* Base */ = {isa = PBXFileReference; lastKnownFileType = file.storyboard; name = Base; path = Base.lproj/Main.storyboard; sourceTree = "<group>"; };
		FC87553F251C0B2F008188B5 /* Assets.xcassets */ = {isa = PBXFileReference; lastKnownFileType = folder.assetcatalog; path = Assets.xcassets; sourceTree = "<group>"; };
		FC875542251C0B2F008188B5 /* Base */ = {isa = PBXFileReference; lastKnownFileType = file.storyboard; name = Base; path = Base.lproj/LaunchScreen.storyboard; sourceTree = "<group>"; };
		FC875544251C0B2F008188B5 /* Info.plist */ = {isa = PBXFileReference; lastKnownFileType = text.plist.xml; path = Info.plist; sourceTree = "<group>"; };
		FC87554D251C123C008188B5 /* ListViewController.swift */ = {isa = PBXFileReference; lastKnownFileType = sourcecode.swift; path = ListViewController.swift; sourceTree = "<group>"; };
		FC875550251C18F5008188B5 /* MyTableViewCell.swift */ = {isa = PBXFileReference; lastKnownFileType = sourcecode.swift; path = MyTableViewCell.swift; sourceTree = "<group>"; };
		FC875554251C3EB5008188B5 /* SceneDelegate.swift */ = {isa = PBXFileReference; fileEncoding = 4; lastKnownFileType = sourcecode.swift; path = SceneDelegate.swift; sourceTree = "<group>"; };
		FCDFA744251D5D1B00B0240D /* DetailViewController.swift */ = {isa = PBXFileReference; lastKnownFileType = sourcecode.swift; path = DetailViewController.swift; sourceTree = "<group>"; };
/* End PBXFileReference section */

/* Begin PBXFrameworksBuildPhase section */
		FC875530251C0B2E008188B5 /* Frameworks */ = {
			isa = PBXFrameworksBuildPhase;
			buildActionMask = 2147483647;
			files = (
			);
			runOnlyForDeploymentPostprocessing = 0;
		};
/* End PBXFrameworksBuildPhase section */

/* Begin PBXGroup section */
		FC87552A251C0B2E008188B5 = {
			isa = PBXGroup;
			children = (
				FC875535251C0B2E008188B5 /* SportStore */,
				FC875534251C0B2E008188B5 /* Products */,
			);
			sourceTree = "<group>";
		};
		FC875534251C0B2E008188B5 /* Products */ = {
			isa = PBXGroup;
			children = (
				FC875533251C0B2E008188B5 /* SportStore.app */,
			);
			name = Products;
			sourceTree = "<group>";
		};
		FC875535251C0B2E008188B5 /* SportStore */ = {
			isa = PBXGroup;
			children = (
				FC875536251C0B2E008188B5 /* AppDelegate.swift */,
				FC875554251C3EB5008188B5 /* SceneDelegate.swift */,
				FC87553A251C0B2E008188B5 /* ViewController.swift */,
				FC87554D251C123C008188B5 /* ListViewController.swift */,
				FC875550251C18F5008188B5 /* MyTableViewCell.swift */,
				FC87553C251C0B2E008188B5 /* Main.storyboard */,
				FC87553F251C0B2F008188B5 /* Assets.xcassets */,
				FC875541251C0B2F008188B5 /* LaunchScreen.storyboard */,
				FC875544251C0B2F008188B5 /* Info.plist */,
				FCDFA744251D5D1B00B0240D /* DetailViewController.swift */,
			);
			path = SportStore;
			sourceTree = "<group>";
		};
/* End PBXGroup section */

/* Begin PBXNativeTarget section */
		FC875532251C0B2E008188B5 /* SportStore */ = {
			isa = PBXNativeTarget;
			buildConfigurationList = FC875547251C0B2F008188B5 /* Build configuration list for PBXNativeTarget "SportStore" */;
			buildPhases = (
				FC87552F251C0B2E008188B5 /* Sources */,
				FC875530251C0B2E008188B5 /* Frameworks */,
				FC875531251C0B2E008188B5 /* Resources */,
			);
			buildRules = (
			);
			dependencies = (
			);
			name = SportStore;
			productName = SportStore;
			productReference = FC875533251C0B2E008188B5 /* SportStore.app */;
			productType = "com.apple.product-type.application";
		};
/* End PBXNativeTarget section */

/* Begin PBXProject section */
		FC87552B251C0B2E008188B5 /* Project object */ = {
			isa = PBXProject;
			attributes = {
				LastSwiftUpdateCheck = 1200;
				LastUpgradeCheck = 1200;
				TargetAttributes = {
					FC875532251C0B2E008188B5 = {
						CreatedOnToolsVersion = 12.0;
					};
				};
			};
			buildConfigurationList = FC87552E251C0B2E008188B5 /* Build configuration list for PBXProject "SportStore" */;
			compatibilityVersion = "Xcode 9.3";
			developmentRegion = en;
			hasScannedForEncodings = 0;
			knownRegions = (
				en,
				Base,
			);
			mainGroup = FC87552A251C0B2E008188B5;
			productRefGroup = FC875534251C0B2E008188B5 /* Products */;
			projectDirPath = "";
			projectRoot = "";
			targets = (
				FC875532251C0B2E008188B5 /* SportStore */,
			);
		};
/* End PBXProject section */

/* Begin PBXResourcesBuildPhase section */
		FC875531251C0B2E008188B5 /* Resources */ = {
			isa = PBXResourcesBuildPhase;
			buildActionMask = 2147483647;
			files = (
				FC875543251C0B2F008188B5 /* LaunchScreen.storyboard in Resources */,
				FC875540251C0B2F008188B5 /* Assets.xcassets in Resources */,
				FC87553E251C0B2E008188B5 /* Main.storyboard in Resources */,
			);
			runOnlyForDeploymentPostprocessing = 0;
		};
/* End PBXResourcesBuildPhase section */

/* Begin PBXSourcesBuildPhase section */
		FC87552F251C0B2E008188B5 /* Sources */ = {
			isa = PBXSourcesBuildPhase;
			buildActionMask = 2147483647;
			files = (
				FC875555251C3EB5008188B5 /* SceneDelegate.swift in Sources */,
				FC87553B251C0B2E008188B5 /* ViewController.swift in Sources */,
				FC875551251C18F5008188B5 /* MyTableViewCell.swift in Sources */,
				FCDFA745251D5D1B00B0240D /* DetailViewController.swift in Sources */,
				FC875537251C0B2E008188B5 /* AppDelegate.swift in Sources */,
				FC87554E251C123C008188B5 /* ListViewController.swift in Sources */,
			);
			runOnlyForDeploymentPostprocessing = 0;
		};
/* End PBXSourcesBuildPhase section */

/* Begin PBXVariantGroup section */
		FC87553C251C0B2E008188B5 /* Main.storyboard */ = {
			isa = PBXVariantGroup;
			children = (
				FC87553D251C0B2E008188B5 /* Base */,
			);
			name = Main.storyboard;
			sourceTree = "<group>";
		};
		FC875541251C0B2F008188B5 /* LaunchScreen.storyboard */ = {
			isa = PBXVariantGroup;
			children = (
				FC875542251C0B2F008188B5 /* Base */,
			);
			name = LaunchScreen.storyboard;
			sourceTree = "<group>";
		};
/* End PBXVariantGroup section */

/* Begin XCBuildConfiguration section */
		FC875545251C0B2F008188B5 /* Debug */ = {
			isa = XCBuildConfiguration;
			buildSettings = {
				ALWAYS_SEARCH_USER_PATHS = NO;
				CLANG_ANALYZER_NONNULL = YES;
				CLANG_ANALYZER_NUMBER_OBJECT_CONVERSION = YES_AGGRESSIVE;
				CLANG_CXX_LANGUAGE_STANDARD = "gnu++14";
				CLANG_CXX_LIBRARY = "libc++";
				CLANG_ENABLE_MODULES = YES;
				CLANG_ENABLE_OBJC_ARC = YES;
				CLANG_ENABLE_OBJC_WEAK = YES;
				CLANG_WARN_BLOCK_CAPTURE_AUTORELEASING = YES;
				CLANG_WARN_BOOL_CONVERSION = YES;
				CLANG_WARN_COMMA = YES;
				CLANG_WARN_CONSTANT_CONVERSION = YES;
				CLANG_WARN_DEPRECATED_OBJC_IMPLEMENTATIONS = YES;
				CLANG_WARN_DIRECT_OBJC_ISA_USAGE = YES_ERROR;
				CLANG_WARN_DOCUMENTATION_COMMENTS = YES;
				CLANG_WARN_EMPTY_BODY = YES;
				CLANG_WARN_ENUM_CONVERSION = YES;
				CLANG_WARN_INFINITE_RECURSION = YES;
				CLANG_WARN_INT_CONVERSION = YES;
				CLANG_WARN_NON_LITERAL_NULL_CONVERSION = YES;
				CLANG_WARN_OBJC_IMPLICIT_RETAIN_SELF = YES;
				CLANG_WARN_OBJC_LITERAL_CONVERSION = YES;
				CLANG_WARN_OBJC_ROOT_CLASS = YES_ERROR;
				CLANG_WARN_QUOTED_INCLUDE_IN_FRAMEWORK_HEADER = YES;
				CLANG_WARN_RANGE_LOOP_ANALYSIS = YES;
				CLANG_WARN_STRICT_PROTOTYPES = YES;
				CLANG_WARN_SUSPICIOUS_MOVE = YES;
				CLANG_WARN_UNGUARDED_AVAILABILITY = YES_AGGRESSIVE;
				CLANG_WARN_UNREACHABLE_CODE = YES;
				CLANG_WARN__DUPLICATE_METHOD_MATCH = YES;
				COPY_PHASE_STRIP = NO;
				DEBUG_INFORMATION_FORMAT = dwarf;
				ENABLE_STRICT_OBJC_MSGSEND = YES;
				ENABLE_TESTABILITY = YES;
				GCC_C_LANGUAGE_STANDARD = gnu11;
				GCC_DYNAMIC_NO_PIC = NO;
				GCC_NO_COMMON_BLOCKS = YES;
				GCC_OPTIMIZATION_LEVEL = 0;
				GCC_PREPROCESSOR_DEFINITIONS = (
					"DEBUG=1",
					"$(inherited)",
				);
				GCC_WARN_64_TO_32_BIT_CONVERSION = YES;
				GCC_WARN_ABOUT_RETURN_TYPE = YES_ERROR;
				GCC_WARN_UNDECLARED_SELECTOR = YES;
				GCC_WARN_UNINITIALIZED_AUTOS = YES_AGGRESSIVE;
				GCC_WARN_UNUSED_FUNCTION = YES;
				GCC_WARN_UNUSED_VARIABLE = YES;
				IPHONEOS_DEPLOYMENT_TARGET = 14.0;
				MTL_ENABLE_DEBUG_INFO = INCLUDE_SOURCE;
				MTL_FAST_MATH = YES;
				ONLY_ACTIVE_ARCH = YES;
				SDKROOT = iphoneos;
				SWIFT_ACTIVE_COMPILATION_CONDITIONS = DEBUG;
				SWIFT_OPTIMIZATION_LEVEL = "-Onone";
			};
			name = Debug;
		};
		FC875546251C0B2F008188B5 /* Release */ = {
			isa = XCBuildConfiguration;
			buildSettings = {
				ALWAYS_SEARCH_USER_PATHS = NO;
				CLANG_ANALYZER_NONNULL = YES;
				CLANG_ANALYZER_NUMBER_OBJECT_CONVERSION = YES_AGGRESSIVE;
				CLANG_CXX_LANGUAGE_STANDARD = "gnu++14";
				CLANG_CXX_LIBRARY = "libc++";
				CLANG_ENABLE_MODULES = YES;
				CLANG_ENABLE_OBJC_ARC = YES;
				CLANG_ENABLE_OBJC_WEAK = YES;
				CLANG_WARN_BLOCK_CAPTURE_AUTORELEASING = YES;
				CLANG_WARN_BOOL_CONVERSION = YES;
				CLANG_WARN_COMMA = YES;
				CLANG_WARN_CONSTANT_CONVERSION = YES;
				CLANG_WARN_DEPRECATED_OBJC_IMPLEMENTATIONS = YES;
				CLANG_WARN_DIRECT_OBJC_ISA_USAGE = YES_ERROR;
				CLANG_WARN_DOCUMENTATION_COMMENTS = YES;
				CLANG_WARN_EMPTY_BODY = YES;
				CLANG_WARN_ENUM_CONVERSION = YES;
				CLANG_WARN_INFINITE_RECURSION = YES;
				CLANG_WARN_INT_CONVERSION = YES;
				CLANG_WARN_NON_LITERAL_NULL_CONVERSION = YES;
				CLANG_WARN_OBJC_IMPLICIT_RETAIN_SELF = YES;
				CLANG_WARN_OBJC_LITERAL_CONVERSION = YES;
				CLANG_WARN_OBJC_ROOT_CLASS = YES_ERROR;
				CLANG_WARN_QUOTED_INCLUDE_IN_FRAMEWORK_HEADER = YES;
				CLANG_WARN_RANGE_LOOP_ANALYSIS = YES;
				CLANG_WARN_STRICT_PROTOTYPES = YES;
				CLANG_WARN_SUSPICIOUS_MOVE = YES;
				CLANG_WARN_UNGUARDED_AVAILABILITY = YES_AGGRESSIVE;
				CLANG_WARN_UNREACHABLE_CODE = YES;
				CLANG_WARN__DUPLICATE_METHOD_MATCH = YES;
				COPY_PHASE_STRIP = NO;
				DEBUG_INFORMATION_FORMAT = "dwarf-with-dsym";
				ENABLE_NS_ASSERTIONS = NO;
				ENABLE_STRICT_OBJC_MSGSEND = YES;
				GCC_C_LANGUAGE_STANDARD = gnu11;
				GCC_NO_COMMON_BLOCKS = YES;
				GCC_WARN_64_TO_32_BIT_CONVERSION = YES;
				GCC_WARN_ABOUT_RETURN_TYPE = YES_ERROR;
				GCC_WARN_UNDECLARED_SELECTOR = YES;
				GCC_WARN_UNINITIALIZED_AUTOS = YES_AGGRESSIVE;
				GCC_WARN_UNUSED_FUNCTION = YES;
				GCC_WARN_UNUSED_VARIABLE = YES;
				IPHONEOS_DEPLOYMENT_TARGET = 14.0;
				MTL_ENABLE_DEBUG_INFO = NO;
				MTL_FAST_MATH = YES;
				SDKROOT = iphoneos;
				SWIFT_COMPILATION_MODE = wholemodule;
				SWIFT_OPTIMIZATION_LEVEL = "-O";
				VALIDATE_PRODUCT = YES;
			};
			name = Release;
		};
		FC875548251C0B2F008188B5 /* Debug */ = {
			isa = XCBuildConfiguration;
			buildSettings = {
				ASSETCATALOG_COMPILER_APPICON_NAME = AppIcon;
				ASSETCATALOG_COMPILER_GLOBAL_ACCENT_COLOR_NAME = AccentColor;
				CODE_SIGN_STYLE = Automatic;
				INFOPLIST_FILE = SportStore/Info.plist;
				IPHONEOS_DEPLOYMENT_TARGET = 13.0;
				LD_RUNPATH_SEARCH_PATHS = (
					"$(inherited)",
					"@executable_path/Frameworks",
				);
				PRODUCT_BUNDLE_IDENTIFIER = com.elias.xande.SportStore;
				PRODUCT_NAME = "$(TARGET_NAME)";
				SWIFT_VERSION = 5.0;
				TARGETED_DEVICE_FAMILY = 1;
			};
			name = Debug;
		};
		FC875549251C0B2F008188B5 /* Release */ = {
			isa = XCBuildConfiguration;
			buildSettings = {
				ASSETCATALOG_COMPILER_APPICON_NAME = AppIcon;
				ASSETCATALOG_COMPILER_GLOBAL_ACCENT_COLOR_NAME = AccentColor;
				CODE_SIGN_STYLE = Automatic;
				INFOPLIST_FILE = SportStore/Info.plist;
				IPHONEOS_DEPLOYMENT_TARGET = 13.0;
				LD_RUNPATH_SEARCH_PATHS = (
					"$(inherited)",
					"@executable_path/Frameworks",
				);
				PRODUCT_BUNDLE_IDENTIFIER = com.elias.xande.SportStore;
				PRODUCT_NAME = "$(TARGET_NAME)";
				SWIFT_VERSION = 5.0;
				TARGETED_DEVICE_FAMILY = 1;
			};
			name = Release;
		};
/* End XCBuildConfiguration section */

/* Begin XCConfigurationList section */
		FC87552E251C0B2E008188B5 /* Build configuration list for PBXProject "SportStore" */ = {
			isa = XCConfigurationList;
			buildConfigurations = (
				FC875545251C0B2F008188B5 /* Debug */,
				FC875546251C0B2F008188B5 /* Release */,
			);
			defaultConfigurationIsVisible = 0;
			defaultConfigurationName = Release;
		};
		FC875547251C0B2F008188B5 /* Build configuration list for PBXNativeTarget "SportStore" */ = {
			isa = XCConfigurationList;
			buildConfigurations = (
				FC875548251C0B2F008188B5 /* Debug */,
				FC875549251C0B2F008188B5 /* Release */,
			);
			defaultConfigurationIsVisible = 0;
			defaultConfigurationName = Release;
		};
/* End XCConfigurationList section */
	};
	rootObject = FC87552B251C0B2E008188B5 /* Project object */;
}
